{
  "requires": true,
  "lockfileVersion": 1,
  "dependencies": {
    "@amazingandyyy/body-parser": {
      "version": "0.0.6",
      "resolved": "https://registry.npmjs.org/@amazingandyyy/body-parser/-/body-parser-0.0.6.tgz",
      "integrity": "sha512-09d0c+t6Z5PfIx3vz85esSA3sQX9/uEGL+NBY/vQ6ZopFmAJepzTn757LNgTRKHf+XC2eQhyM/846p+rV50v/A=="
    },
    "@amazingandyyy/server-logger": {
      "version": "0.0.3",
      "resolved": "https://registry.npmjs.org/@amazingandyyy/server-logger/-/server-logger-0.0.3.tgz",
      "integrity": "sha512-R3hcxFaAcJA8pcmtUol1tzAEr5AyPbMR6dU8XT+cRnMOsSsMH/4FncOgbOfE68x31pZWspETzAB8nq0B/1PI0A=="
    }
  }
}
